{
  "nodes": {
    "flake-parts": {
      "inputs": {
        "nixpkgs-lib": [
          "nvim_overlay",
          "nixpkgs"
        ]
      },
      "locked": {
        "lastModified": 1767609335,
        "narHash": "sha256-feveD98mQpptwrAEggBQKJTYbvwwglSbOv53uCfH9PY=",
        "owner": "hercules-ci",
        "repo": "flake-parts",
        "rev": "250481aafeb741edfe23d29195671c19b36b6dca",
        "type": "github"
      },
      "original": {
        "owner": "hercules-ci",
        "repo": "flake-parts",
        "type": "github"
      }
    },
    "home-manager": {
      "inputs": {
        "nixpkgs": [
          "nixpkgs"
        ]
      },
      "locked": {
        "lastModified": 1767971841,
        "narHash": "sha256-TwDXF4MkmjI9c3Sly9FOWXf4sPbre6ZujG87v39G1Ig=",
        "owner": "nix-community",
        "repo": "home-manager",
        "rev": "0e4217b2c4827e71e2e612accccb01981c16afda",
        "type": "github"
      },
      "original": {
        "owner": "nix-community",
        "repo": "home-manager",
        "type": "github"
      }
    },
    "neovim-src": {
      "flake": false,
      "locked": {
        "lastModified": 1768000044,
        "narHash": "sha256-hcdQHR8l8oZDIl0vXKNtbrN+32dTs9EYvlqppoHgG2k=",
        "owner": "neovim",
        "repo": "neovim",
        "rev": "930817f1009d9d392103b5440e2503cb47fdacc0",
        "type": "github"
      },
      "original": {
        "owner": "neovim",
        "repo": "neovim",
        "type": "github"
      }
    },
    "nix-darwin": {
      "inputs": {
        "nixpkgs": [
          "nixpkgs"
        ]
      },
      "locked": {
        "lastModified": 1767718503,
        "narHash": "sha256-V+VkFs0aSG0ca8p/N3gib7FAf4cq9jyr5Gm+ZBrHQpo=",
        "owner": "nix-darwin",
        "repo": "nix-darwin",
        "rev": "9f48ffaca1f44b3e590976b4da8666a9e86e6eb1",
        "type": "github"
      },
      "original": {
        "owner": "nix-darwin",
        "ref": "master",
        "repo": "nix-darwin",
        "type": "github"
      }
    },
    "nixpkgs": {
      "locked": {
        "lastModified": 1767966113,
        "narHash": "sha256-mSTsvXa4WveSRJexsmCbm9dY17B1fKp7NLpJxllpQw4=",
        "owner": "NixOS",
        "repo": "nixpkgs",
        "rev": "5f02c91314c8ba4afe83b256b023756412218535",
        "type": "github"
      },
      "original": {
        "owner": "NixOS",
        "ref": "nixpkgs-unstable",
        "repo": "nixpkgs",
        "type": "github"
      }
    },
    "nixpkgs_2": {
      "locked": {
        "lastModified": 1767966113,
        "narHash": "sha256-mSTsvXa4WveSRJexsmCbm9dY17B1fKp7NLpJxllpQw4=",
        "owner": "NixOS",
        "repo": "nixpkgs",
        "rev": "5f02c91314c8ba4afe83b256b023756412218535",
        "type": "github"
      },
      "original": {
        "owner": "NixOS",
        "ref": "nixpkgs-unstable",
        "repo": "nixpkgs",
        "type": "github"
      }
    },
    "nvim_overlay": {
      "inputs": {
        "flake-parts": "flake-parts",
        "neovim-src": "neovim-src",
        "nixpkgs": "nixpkgs_2"
      },
      "locked": {
        "lastModified": 1768003501,
        "narHash": "sha256-pxxUR3VRDcDpMgF1qb9FnlHAEOGi24bk6pdB1QzL1II=",
        "owner": "nix-community",
        "repo": "neovim-nightly-overlay",
        "rev": "d31b28318affe5d58ef12e7f72a7adfa66930a7a",
        "type": "github"
      },
      "original": {
        "owner": "nix-community",
        "repo": "neovim-nightly-overlay",
        "type": "github"
      }
    },
    "root": {
      "inputs": {
        "home-manager": "home-manager",
        "nix-darwin": "nix-darwin",
        "nixpkgs": "nixpkgs",
        "nvim_overlay": "nvim_overlay"
      }
    }
  },
  "root": "root",
  "version": 7
}
